
Microsoft Visual Studio Solution File, Format Version 12.00
# Visual Studio 2012
Project("{FAE04EC0-301F-11D3-BF4B-00C04F79EFBC}") = "MircClient", "MircClient\MircClient.csproj", "{BBEAD0DF-4E61-4487-AA8E-C08B3981E258}"
EndProject
Global
	GlobalSection(SolutionConfigurationPlatforms) = preSolution
		Debug|Any CPU = Debug|Any CPU
		Release|Any CPU = Release|Any CPU
	EndGlobalSection
	GlobalSection(ProjectConfigurationPlatforms) = postSolution
		{BBEAD0DF-4E61-4487-AA8E-C08B3981E258}.Debug|Any CPU.ActiveCfg = Debug|Any CPU
		{BBEAD0DF-4E61-4487-AA8E-C08B3981E258}.Debug|Any CPU.Build.0 = Debug|Any CPU
		{BBEAD0DF-4E61-4487-AA8E-C08B3981E258}.Release|Any CPU.ActiveCfg = Release|Any CPU
		{BBEAD0DF-4E61-4487-AA8E-C08B3981E258}.Release|Any CPU.Build.0 = Release|Any CPU
	EndGlobalSection
	GlobalSection(SolutionProperties) = preSolution
		HideSolutionNode = FALSE
	EndGlobalSection
EndGlobal
